// !$*UTF8*$!
{
	archiveVersion = 1;
	classes = {
	};
	objectVersion = 46;
	objects = {

/* Begin PBXBuildFile section */
		1A28FCC11D00059B00E91130 /* AppDelegate.swift in Sources */ = {isa = PBXBuildFile; fileRef = 1A28FCC01D00059B00E91130 /* AppDelegate.swift */; };
		1A28FCC31D00059B00E91130 /* ViewController.swift in Sources */ = {isa = PBXBuildFile; fileRef = 1A28FCC21D00059B00E91130 /* ViewController.swift */; };
		1A28FCC61D00059B00E91130 /* Main.storyboard in Resources */ = {isa = PBXBuildFile; fileRef = 1A28FCC41D00059B00E91130 /* Main.storyboard */; };
		1A28FCC81D00059B00E91130 /* Assets.xcassets in Resources */ = {isa = PBXBuildFile; fileRef = 1A28FCC71D00059B00E91130 /* Assets.xcassets */; };
		1A28FCCB1D00059B00E91130 /* LaunchScreen.storyboard in Resources */ = {isa = PBXBuildFile; fileRef = 1A28FCC91D00059B00E91130 /* LaunchScreen.storyboard */; };
/* End PBXBuildFile section */

/* Begin PBXFileReference section */
		1A28FCBD1D00059B00E91130 /* ve den.app */ = {isa = PBXFileReference; explicitFileType = wrapper.application; includeInIndex = 0; path = "ve den.app"; sourceTree = BUILT_PRODUCTS_DIR; };
		1A28FCC01D00059B00E91130 /* AppDelegate.swift */ = {isa = PBXFileReference; lastKnownFileType = sourcecode.swift; path = AppDelegate.swift; sourceTree = "<group>"; };
		1A28FCC21D00059B00E91130 /* ViewController.swift */ = {isa = PBXFileReference; lastKnownFileType = sourcecode.swift; path = ViewController.swift; sourceTree = "<group>"; };
		1A28FCC51D00059B00E91130 /* Base */ = {isa = PBXFileReference; lastKnownFileType = file.storyboard; name = Base; path = Base.lproj/Main.storyboard; sourceTree = "<group>"; };
		1A28FCC71D00059B00E91130 /* Assets.xcassets */ = {isa = PBXFileReference; lastKnownFileType = folder.assetcatalog; path = Assets.xcassets; sourceTree = "<group>"; };
		1A28FCCA1D00059B00E91130 /* Base */ = {isa = PBXFileReference; lastKnownFileType = file.storyboard; name = Base; path = Base.lproj/LaunchScreen.storyboard; sourceTree = "<group>"; };
		1A28FCCC1D00059B00E91130 /* Info.plist */ = {isa = PBXFileReference; lastKnownFileType = text.plist.xml; path = Info.plist; sourceTree = "<group>"; };
/* End PBXFileReference section */

/* Begin PBXFrameworksBuildPhase section */
		1A28FCBA1D00059B00E91130 /* Frameworks */ = {
			isa = PBXFrameworksBuildPhase;
			buildActionMask = 2147483647;
			files = (
			);
			runOnlyForDeploymentPostprocessing = 0;
		};
/* End PBXFrameworksBuildPhase section */

/* Begin PBXGroup section */
		1A28FCB41D00059A00E91130 = {
			isa = PBXGroup;
			children = (
				1A28FCBF1D00059B00E91130 /* ve den */,
				1A28FCBE1D00059B00E91130 /* Products */,
			);
			sourceTree = "<group>";
		};
		1A28FCBE1D00059B00E91130 /* Products */ = {
			isa = PBXGroup;
			children = (
				1A28FCBD1D00059B00E91130 /* ve den.app */,
			);
			name = Products;
			sourceTree = "<group>";
		};
		1A28FCBF1D00059B00E91130 /* ve den */ = {
			isa = PBXGroup;
			children = (
				1A28FCC01D00059B00E91130 /* AppDelegate.swift */,
				1A28FCC21D00059B00E91130 /* ViewController.swift */,
				1A28FCC41D00059B00E91130 /* Main.storyboard */,
				1A28FCC71D00059B00E91130 /* Assets.xcassets */,
				1A28FCC91D00059B00E91130 /* LaunchScreen.storyboard */,
				1A28FCCC1D00059B00E91130 /* Info.plist */,
			);
			path = "ve den";
			sourceTree = "<group>";
		};
/* End PBXGroup section */

/* Begin PBXNativeTarget section */
		1A28FCBC1D00059B00E91130 /* ve den */ = {
			isa = PBXNativeTarget;
			buildConfigurationList = 1A28FCCF1D00059B00E91130 /* Build configuration list for PBXNativeTarget "ve den" */;
			buildPhases = (
				1A28FCB91D00059B00E91130 /* Sources */,
				1A28FCBA1D00059B00E91130 /* Frameworks */,
				1A28FCBB1D00059B00E91130 /* Resources */,
			);
			buildRules = (
			);
			dependencies = (
			);
			name = "ve den";
			productName = "ve den";
			productReference = 1A28FCBD1D00059B00E91130 /* ve den.app */;
			productType = "com.apple.product-type.application";
		};
/* End PBXNativeTarget section */

/* Begin PBXProject section */
		1A28FCB51D00059A00E91130 /* Project object */ = {
			isa = PBXProject;
			attributes = {
				LastSwiftUpdateCheck = 0730;
				LastUpgradeCheck = 0730;
				ORGANIZATIONNAME = "Dân Tơi";
				TargetAttributes = {
					1A28FCBC1D00059B00E91130 = {
						CreatedOnToolsVersion = 7.3;
					};
				};
			};
			buildConfigurationList = 1A28FCB81D00059A00E91130 /* Build configuration list for PBXProject "ve den" */;
			compatibilityVersion = "Xcode 3.2";
			developmentRegion = English;
			hasScannedForEncodings = 0;
			knownRegions = (
				en,
				Base,
			);
			mainGroup = 1A28FCB41D00059A00E91130;
			productRefGroup = 1A28FCBE1D00059B00E91130 /* Products */;
			projectDirPath = "";
			projectRoot = "";
			targets = (
				1A28FCBC1D00059B00E91130 /* ve den */,
			);
		};
/* End PBXProject section */

/* Begin PBXResourcesBuildPhase section */
		1A28FCBB1D00059B00E91130 /* Resources */ = {
			isa = PBXResourcesBuildPhase;
			buildActionMask = 2147483647;
			files = (
				1A28FCCB1D00059B00E91130 /* LaunchScreen.storyboard in Resources */,
				1A28FCC81D00059B00E91130 /* Assets.xcassets in Resources */,
				1A28FCC61D00059B00E91130 /* Main.storyboard in Resources */,
			);
			runOnlyForDeploymentPostprocessing = 0;
		};
/* End PBXResourcesBuildPhase section */

/* Begin PBXSourcesBuildPhase section */
		1A28FCB91D00059B00E91130 /* Sources */ = {
			isa = PBXSourcesBuildPhase;
			buildActionMask = 2147483647;
			files = (
				1A28FCC31D00059B00E91130 /* ViewController.swift in Sources */,
				1A28FCC11D00059B00E91130 /* AppDelegate.swift in Sources */,
			);
			runOnlyForDeploymentPostprocessing = 0;
		};
/* End PBXSourcesBuildPhase section */

/* Begin PBXVariantGroup section */
		1A28FCC41D00059B00E91130 /* Main.storyboard */ = {
			isa = PBXVariantGroup;
			children = (
				1A28FCC51D00059B00E91130 /* Base */,
			);
			name = Main.storyboard;
			sourceTree = "<group>";
		};
		1A28FCC91D00059B00E91130 /* LaunchScreen.storyboard */ = {
			isa = PBXVariantGroup;
			children = (
				1A28FCCA1D00059B00E91130 /* Base */,
			);
			name = LaunchScreen.storyboard;
			sourceTree = "<group>";
		};
/* End PBXVariantGroup section */

/* Begin XCBuildConfiguration section */
		1A28FCCD1D00059B00E91130 /* Debug */ = {
			isa = XCBuildConfiguration;
			buildSettings = {
				ALWAYS_SEARCH_USER_PATHS = NO;
				CLANG_ANALYZER_NONNULL = YES;
				CLANG_CXX_LANGUAGE_STANDARD = "gnu++0x";
				CLANG_CXX_LIBRARY = "libc++";
				CLANG_ENABLE_MODULES = YES;
				CLANG_ENABLE_OBJC_ARC = YES;
				CLANG_WARN_BOOL_CONVERSION = YES;
				CLANG_WARN_CONSTANT_CONVERSION = YES;
				CLANG_WARN_DIRECT_OBJC_ISA_USAGE = YES_ERROR;
				CLANG_WARN_EMPTY_BODY = YES;
				CLANG_WARN_ENUM_CONVERSION = YES;
				CLANG_WARN_INT_CONVERSION = YES;
				CLANG_WARN_OBJC_ROOT_CLASS = YES_ERROR;
				CLANG_WARN_UNREACHABLE_CODE = YES;
				CLANG_WARN__DUPLICATE_METHOD_MATCH = YES;
				"CODE_SIGN_IDENTITY[sdk=iphoneos*]" = "iPhone Developer";
				COPY_PHASE_STRIP = NO;
				DEBUG_INFORMATION_FORMAT = dwarf;
				ENABLE_STRICT_OBJC_MSGSEND = YES;
				ENABLE_TESTABILITY = YES;
				GCC_C_LANGUAGE_STANDARD = gnu99;
				GCC_DYNAMIC_NO_PIC = NO;
				GCC_NO_COMMON_BLOCKS = YES;
				GCC_OPTIMIZATION_LEVEL = 0;
				GCC_PREPROCESSOR_DEFINITIONS = (
					"DEBUG=1",
					"$(inherited)",
				);
				GCC_WARN_64_TO_32_BIT_CONVERSION = YES;
				GCC_WARN_ABOUT_RETURN_TYPE = YES_ERROR;
				GCC_WARN_UNDECLARED_SELECTOR = YES;
				GCC_WARN_UNINITIALIZED_AUTOS = YES_AGGRESSIVE;
				GCC_WARN_UNUSED_FUNCTION = YES;
				GCC_WARN_UNUSED_VARIABLE = YES;
				IPHONEOS_DEPLOYMENT_TARGET = 9.3;
				MTL_ENABLE_DEBUG_INFO = YES;
				ONLY_ACTIVE_ARCH = YES;
				SDKROOT = iphoneos;
				SWIFT_OPTIMIZATION_LEVEL = "-Onone";
				TARGETED_DEVICE_FAMILY = "1,2";
			};
			name = Debug;
		};
		1A28FCCE1D00059B00E91130 /* Release */ = {
			isa = XCBuildConfiguration;
			buildSettings = {
				ALWAYS_SEARCH_USER_PATHS = NO;
				CLANG_ANALYZER_NONNULL = YES;
				CLANG_CXX_LANGUAGE_STANDARD = "gnu++0x";
				CLANG_CXX_LIBRARY = "libc++";
				CLANG_ENABLE_MODULES = YES;
				CLANG_ENABLE_OBJC_ARC = YES;
				CLANG_WARN_BOOL_CONVERSION = YES;
				CLANG_WARN_CONSTANT_CONVERSION = YES;
				CLANG_WARN_DIRECT_OBJC_ISA_USAGE = YES_ERROR;
				CLANG_WARN_EMPTY_BODY = YES;
				CLANG_WARN_ENUM_CONVERSION = YES;
				CLANG_WARN_INT_CONVERSION = YES;
				CLANG_WARN_OBJC_ROOT_CLASS = YES_ERROR;
				CLANG_WARN_UNREACHABLE_CODE = YES;
				CLANG_WARN__DUPLICATE_METHOD_MATCH = YES;
				"CODE_SIGN_IDENTITY[sdk=iphoneos*]" = "iPhone Developer";
				COPY_PHASE_STRIP = NO;
				DEBUG_INFORMATION_FORMAT = "dwarf-with-dsym";
				ENABLE_NS_ASSERTIONS = NO;
				ENABLE_STRICT_OBJC_MSGSEND = YES;
				GCC_C_LANGUAGE_STANDARD = gnu99;
				GCC_NO_COMMON_BLOCKS = YES;
				GCC_WARN_64_TO_32_BIT_CONVERSION = YES;
				GCC_WARN_ABOUT_RETURN_TYPE = YES_ERROR;
				GCC_WARN_UNDECLARED_SELECTOR = YES;
				GCC_WARN_UNINITIALIZED_AUTOS = YES_AGGRESSIVE;
				GCC_WARN_UNUSED_FUNCTION = YES;
				GCC_WARN_UNUSED_VARIABLE = YES;
				IPHONEOS_DEPLOYMENT_TARGET = 9.3;
				MTL_ENABLE_DEBUG_INFO = NO;
				SDKROOT = iphoneos;
				TARGETED_DEVICE_FAMILY = "1,2";
				VALIDATE_PRODUCT = YES;
			};
			name = Release;
		};
		1A28FCD01D00059B00E91130 /* Debug */ = {
			isa = XCBuildConfiguration;
			buildSettings = {
				ASSETCATALOG_COMPILER_APPICON_NAME = AppIcon;
				INFOPLIST_FILE = "ve den/Info.plist";
				LD_RUNPATH_SEARCH_PATHS = "$(inherited) @executable_path/Frameworks";
				PRODUCT_BUNDLE_IDENTIFIER = "vn.TungNguyen.ve-den";
				PRODUCT_NAME = "$(TARGET_NAME)";
			};
			name = Debug;
		};
		1A28FCD11D00059B00E91130 /* Release */ = {
			isa = XCBuildConfiguration;
			buildSettings = {
				ASSETCATALOG_COMPILER_APPICON_NAME = AppIcon;
				INFOPLIST_FILE = "ve den/Info.plist";
				LD_RUNPATH_SEARCH_PATHS = "$(inherited) @executable_path/Frameworks";
				PRODUCT_BUNDLE_IDENTIFIER = "vn.TungNguyen.ve-den";
				PRODUCT_NAME = "$(TARGET_NAME)";
			};
			name = Release;
		};
/* End XCBuildConfiguration section */

/* Begin XCConfigurationList section */
		1A28FCB81D00059A00E91130 /* Build configuration list for PBXProject "ve den" */ = {
			isa = XCConfigurationList;
			buildConfigurations = (
				1A28FCCD1D00059B00E91130 /* Debug */,
				1A28FCCE1D00059B00E91130 /* Release */,
			);
			defaultConfigurationIsVisible = 0;
			defaultConfigurationName = Release;
		};
		1A28FCCF1D00059B00E91130 /* Build configuration list for PBXNativeTarget "ve den" */ = {
			isa = XCConfigurationList;
			buildConfigurations = (
				1A28FCD01D00059B00E91130 /* Debug */,
				1A28FCD11D00059B00E91130 /* Release */,
			);
			defaultConfigurationIsVisible = 0;
		};
/* End XCConfigurationList section */
	};
	rootObject = 1A28FCB51D00059A00E91130 /* Project object */;
}
